
Microsoft Visual Studio Solution File, Format Version 12.00
# Visual Studio Version 17
VisualStudioVersion = 17.7.34202.233
MinimumVisualStudioVersion = 10.0.40219.1
Project("{FAE04EC0-301F-11D3-BF4B-00C04F79EFBC}") = "MauiApp4", "MauiApp4\MauiApp4.csproj", "{99DDD421-606D-4924-9A86-D3897D8D3FB1}"
EndProject
Global
	GlobalSection(SolutionConfigurationPlatforms) = preSolution
		Debug|Any CPU = Debug|Any CPU
		Release|Any CPU = Release|Any CPU
	EndGlobalSection
	GlobalSection(ProjectConfigurationPlatforms) = postSolution
		{99DDD421-606D-4924-9A86-D3897D8D3FB1}.Debug|Any CPU.ActiveCfg = Debug|Any CPU
		{99DDD421-606D-4924-9A86-D3897D8D3FB1}.Debug|Any CPU.Build.0 = Debug|Any CPU
		{99DDD421-606D-4924-9A86-D3897D8D3FB1}.Debug|Any CPU.Deploy.0 = Debug|Any CPU
		{99DDD421-606D-4924-9A86-D3897D8D3FB1}.Release|Any CPU.ActiveCfg = Release|Any CPU
		{99DDD421-606D-4924-9A86-D3897D8D3FB1}.Release|Any CPU.Build.0 = Release|Any CPU
		{99DDD421-606D-4924-9A86-D3897D8D3FB1}.Release|Any CPU.Deploy.0 = Release|Any CPU
	EndGlobalSection
	GlobalSection(SolutionProperties) = preSolution
		HideSolutionNode = FALSE
	EndGlobalSection
	GlobalSection(ExtensibilityGlobals) = postSolution
		SolutionGuid = {B7114A89-D213-45D2-B3C5-A937994DF453}
	EndGlobalSection
EndGlobal
